
Microsoft Visual Studio Solution File, Format Version 12.00
# Visual Studio Version 17
VisualStudioVersion = 17.9.34622.214
MinimumVisualStudioVersion = 10.0.40219.1
Project("{FAE04EC0-301F-11D3-BF4B-00C04F79EFBC}") = "Coding Exercise", "Coding Exercise.csproj", "{210DC133-3B0E-4552-A2EA-31FA13CB5683}"
EndProject
Global
	GlobalSection(SolutionConfigurationPlatforms) = preSolution
		Debug|Any CPU = Debug|Any CPU
		Release|Any CPU = Release|Any CPU
	EndGlobalSection
	GlobalSection(ProjectConfigurationPlatforms) = postSolution
		{210DC133-3B0E-4552-A2EA-31FA13CB5683}.Debug|Any CPU.ActiveCfg = Debug|Any CPU
		{210DC133-3B0E-4552-A2EA-31FA13CB5683}.Debug|Any CPU.Build.0 = Debug|Any CPU
		{210DC133-3B0E-4552-A2EA-31FA13CB5683}.Release|Any CPU.ActiveCfg = Release|Any CPU
		{210DC133-3B0E-4552-A2EA-31FA13CB5683}.Release|Any CPU.Build.0 = Release|Any CPU
	EndGlobalSection
	GlobalSection(SolutionProperties) = preSolution
		HideSolutionNode = FALSE
	EndGlobalSection
	GlobalSection(ExtensibilityGlobals) = postSolution
		SolutionGuid = {AA2BD541-4153-4A7F-91D4-EC9E7EAF5935}
	EndGlobalSection
EndGlobal
